
Microsoft Visual Studio Solution File, Format Version 12.00
# Visual Studio Version 16
VisualStudioVersion = 16.0.29920.165
MinimumVisualStudioVersion = 10.0.40219.1
Project("{FAE04EC0-301F-11D3-BF4B-00C04F79EFBC}") = "cw7", "cw7\cw7.csproj", "{874BC735-1A73-4F48-8878-2F6EE75C4A59}"
EndProject
Global
	GlobalSection(SolutionConfigurationPlatforms) = preSolution
		Debug|Any CPU = Debug|Any CPU
		Release|Any CPU = Release|Any CPU
	EndGlobalSection
	GlobalSection(ProjectConfigurationPlatforms) = postSolution
		{874BC735-1A73-4F48-8878-2F6EE75C4A59}.Debug|Any CPU.ActiveCfg = Debug|Any CPU
		{874BC735-1A73-4F48-8878-2F6EE75C4A59}.Debug|Any CPU.Build.0 = Debug|Any CPU
		{874BC735-1A73-4F48-8878-2F6EE75C4A59}.Release|Any CPU.ActiveCfg = Release|Any CPU
		{874BC735-1A73-4F48-8878-2F6EE75C4A59}.Release|Any CPU.Build.0 = Release|Any CPU
	EndGlobalSection
	GlobalSection(SolutionProperties) = preSolution
		HideSolutionNode = FALSE
	EndGlobalSection
	GlobalSection(ExtensibilityGlobals) = postSolution
		SolutionGuid = {804AB28B-BBBE-44D4-92F2-9BB1DB07EC45}
	EndGlobalSection
EndGlobal
